Microsoft Visual Studio Solution File, Format Version 12.00
# Visual Studio Version 17
VisualStudioVersion = 17.5.2.0
MinimumVisualStudioVersion = 10.0.40219.1
Project("{FAE04EC0-301F-11D3-BF4B-00C04F79EFBC}") = "CycleRoutes.Shared", "CycleRoutes.Shared.csproj", "{A01543D7-6C39-CF72-3A3F-34490D31A359}"
EndProject
Global
	GlobalSection(SolutionConfigurationPlatforms) = preSolution
		Debug|Any CPU = Debug|Any CPU
		Release|Any CPU = Release|Any CPU
	EndGlobalSection
	GlobalSection(ProjectConfigurationPlatforms) = postSolution
		{A01543D7-6C39-CF72-3A3F-34490D31A359}.Debug|Any CPU.ActiveCfg = Debug|Any CPU
		{A01543D7-6C39-CF72-3A3F-34490D31A359}.Debug|Any CPU.Build.0 = Debug|Any CPU
		{A01543D7-6C39-CF72-3A3F-34490D31A359}.Release|Any CPU.ActiveCfg = Release|Any CPU
		{A01543D7-6C39-CF72-3A3F-34490D31A359}.Release|Any CPU.Build.0 = Release|Any CPU
	EndGlobalSection
	GlobalSection(SolutionProperties) = preSolution
		HideSolutionNode = FALSE
	EndGlobalSection
	GlobalSection(ExtensibilityGlobals) = postSolution
		SolutionGuid = {6EC471B7-3A5F-4742-B566-CFEA1124A903}
	EndGlobalSection
EndGlobal
